
Microsoft Visual Studio Solution File, Format Version 12.00
# Visual Studio Version 16
VisualStudioVersion = 16.0.30204.135
MinimumVisualStudioVersion = 10.0.40219.1
Project("{FAE04EC0-301F-11D3-BF4B-00C04F79EFBC}") = "App_Registros", "App_Registros\App_Registros.csproj", "{895BA1E6-E771-4D84-A779-4A8B3C42E427}"
EndProject
Global
	GlobalSection(SolutionConfigurationPlatforms) = preSolution
		Debug|Any CPU = Debug|Any CPU
		Release|Any CPU = Release|Any CPU
	EndGlobalSection
	GlobalSection(ProjectConfigurationPlatforms) = postSolution
		{895BA1E6-E771-4D84-A779-4A8B3C42E427}.Debug|Any CPU.ActiveCfg = Debug|Any CPU
		{895BA1E6-E771-4D84-A779-4A8B3C42E427}.Debug|Any CPU.Build.0 = Debug|Any CPU
		{895BA1E6-E771-4D84-A779-4A8B3C42E427}.Release|Any CPU.ActiveCfg = Release|Any CPU
		{895BA1E6-E771-4D84-A779-4A8B3C42E427}.Release|Any CPU.Build.0 = Release|Any CPU
	EndGlobalSection
	GlobalSection(SolutionProperties) = preSolution
		HideSolutionNode = FALSE
	EndGlobalSection
	GlobalSection(ExtensibilityGlobals) = postSolution
		SolutionGuid = {81963130-1D5B-4E53-A9D9-D4CD1BF5E9BF}
	EndGlobalSection
EndGlobal
